// !$*UTF8*$!
{
	archiveVersion = 1;
	classes = {
	};
	objectVersion = 55;
	objects = {

/* Begin PBXBuildFile section */
		1F33F29FB00BB2052FA31EB1 /* Pods_CameraPhoto_Rxswift.framework in Frameworks */ = {isa = PBXBuildFile; fileRef = B329433FB70FD3CCBEB66E8C /* Pods_CameraPhoto_Rxswift.framework */; };
		C75D789328637FF700DEDD87 /* AppDelegate.swift in Sources */ = {isa = PBXBuildFile; fileRef = C75D789228637FF700DEDD87 /* AppDelegate.swift */; };
		C75D789528637FF700DEDD87 /* SceneDelegate.swift in Sources */ = {isa = PBXBuildFile; fileRef = C75D789428637FF700DEDD87 /* SceneDelegate.swift */; };
		C75D789728637FF700DEDD87 /* ViewController.swift in Sources */ = {isa = PBXBuildFile; fileRef = C75D789628637FF700DEDD87 /* ViewController.swift */; };
		C75D789A28637FF700DEDD87 /* Main.storyboard in Resources */ = {isa = PBXBuildFile; fileRef = C75D789828637FF700DEDD87 /* Main.storyboard */; };
		C75D789C28637FF800DEDD87 /* Assets.xcassets in Resources */ = {isa = PBXBuildFile; fileRef = C75D789B28637FF800DEDD87 /* Assets.xcassets */; };
		C75D789F28637FF800DEDD87 /* LaunchScreen.storyboard in Resources */ = {isa = PBXBuildFile; fileRef = C75D789D28637FF800DEDD87 /* LaunchScreen.storyboard */; };
		C75D78A72863811600DEDD87 /* PhotosCollectionViewController.swift in Sources */ = {isa = PBXBuildFile; fileRef = C75D78A62863811600DEDD87 /* PhotosCollectionViewController.swift */; };
		C75D78A9286443D000DEDD87 /* PhotoCollectionViewCell.swift in Sources */ = {isa = PBXBuildFile; fileRef = C75D78A8286443D000DEDD87 /* PhotoCollectionViewCell.swift */; };
		C75D78AB286623DD00DEDD87 /* FilterService.swift in Sources */ = {isa = PBXBuildFile; fileRef = C75D78AA286623DD00DEDD87 /* FilterService.swift */; };
/* End PBXBuildFile section */

/* Begin PBXFileReference section */
		61A0877DB961030DDFA3497E /* Pods-CameraPhoto_Rxswift.debug.xcconfig */ = {isa = PBXFileReference; includeInIndex = 1; lastKnownFileType = text.xcconfig; name = "Pods-CameraPhoto_Rxswift.debug.xcconfig"; path = "Target Support Files/Pods-CameraPhoto_Rxswift/Pods-CameraPhoto_Rxswift.debug.xcconfig"; sourceTree = "<group>"; };
		79DD06434F3F0ECB99D3C1BB /* Pods-CameraPhoto_Rxswift.release.xcconfig */ = {isa = PBXFileReference; includeInIndex = 1; lastKnownFileType = text.xcconfig; name = "Pods-CameraPhoto_Rxswift.release.xcconfig"; path = "Target Support Files/Pods-CameraPhoto_Rxswift/Pods-CameraPhoto_Rxswift.release.xcconfig"; sourceTree = "<group>"; };
		B329433FB70FD3CCBEB66E8C /* Pods_CameraPhoto_Rxswift.framework */ = {isa = PBXFileReference; explicitFileType = wrapper.framework; includeInIndex = 0; path = Pods_CameraPhoto_Rxswift.framework; sourceTree = BUILT_PRODUCTS_DIR; };
		C75D788F28637FF700DEDD87 /* CameraPhoto_Rxswift.app */ = {isa = PBXFileReference; explicitFileType = wrapper.application; includeInIndex = 0; path = CameraPhoto_Rxswift.app; sourceTree = BUILT_PRODUCTS_DIR; };
		C75D789228637FF700DEDD87 /* AppDelegate.swift */ = {isa = PBXFileReference; lastKnownFileType = sourcecode.swift; path = AppDelegate.swift; sourceTree = "<group>"; };
		C75D789428637FF700DEDD87 /* SceneDelegate.swift */ = {isa = PBXFileReference; lastKnownFileType = sourcecode.swift; path = SceneDelegate.swift; sourceTree = "<group>"; };
		C75D789628637FF700DEDD87 /* ViewController.swift */ = {isa = PBXFileReference; lastKnownFileType = sourcecode.swift; path = ViewController.swift; sourceTree = "<group>"; };
		C75D789928637FF700DEDD87 /* Base */ = {isa = PBXFileReference; lastKnownFileType = file.storyboard; name = Base; path = Base.lproj/Main.storyboard; sourceTree = "<group>"; };
		C75D789B28637FF800DEDD87 /* Assets.xcassets */ = {isa = PBXFileReference; lastKnownFileType = folder.assetcatalog; path = Assets.xcassets; sourceTree = "<group>"; };
		C75D789E28637FF800DEDD87 /* Base */ = {isa = PBXFileReference; lastKnownFileType = file.storyboard; name = Base; path = Base.lproj/LaunchScreen.storyboard; sourceTree = "<group>"; };
		C75D78A028637FF800DEDD87 /* Info.plist */ = {isa = PBXFileReference; lastKnownFileType = text.plist.xml; path = Info.plist; sourceTree = "<group>"; };
		C75D78A62863811600DEDD87 /* PhotosCollectionViewController.swift */ = {isa = PBXFileReference; lastKnownFileType = sourcecode.swift; path = PhotosCollectionViewController.swift; sourceTree = "<group>"; };
		C75D78A8286443D000DEDD87 /* PhotoCollectionViewCell.swift */ = {isa = PBXFileReference; lastKnownFileType = sourcecode.swift; path = PhotoCollectionViewCell.swift; sourceTree = "<group>"; };
		C75D78AA286623DD00DEDD87 /* FilterService.swift */ = {isa = PBXFileReference; lastKnownFileType = sourcecode.swift; path = FilterService.swift; sourceTree = "<group>"; };
/* End PBXFileReference section */

/* Begin PBXFrameworksBuildPhase section */
		C75D788C28637FF700DEDD87 /* Frameworks */ = {
			isa = PBXFrameworksBuildPhase;
			buildActionMask = 2147483647;
			files = (
				1F33F29FB00BB2052FA31EB1 /* Pods_CameraPhoto_Rxswift.framework in Frameworks */,
			);
			runOnlyForDeploymentPostprocessing = 0;
		};
/* End PBXFrameworksBuildPhase section */

/* Begin PBXGroup section */
		A71605535ED97781D7D66871 /* Pods */ = {
			isa = PBXGroup;
			children = (
				61A0877DB961030DDFA3497E /* Pods-CameraPhoto_Rxswift.debug.xcconfig */,
				79DD06434F3F0ECB99D3C1BB /* Pods-CameraPhoto_Rxswift.release.xcconfig */,
			);
			path = Pods;
			sourceTree = "<group>";
		};
		C75D788628637FF700DEDD87 = {
			isa = PBXGroup;
			children = (
				C75D789128637FF700DEDD87 /* CameraPhoto_Rxswift */,
				C75D789028637FF700DEDD87 /* Products */,
				A71605535ED97781D7D66871 /* Pods */,
				D9A03B73257C26FE9C3D8EB7 /* Frameworks */,
			);
			sourceTree = "<group>";
		};
		C75D789028637FF700DEDD87 /* Products */ = {
			isa = PBXGroup;
			children = (
				C75D788F28637FF700DEDD87 /* CameraPhoto_Rxswift.app */,
			);
			name = Products;
			sourceTree = "<group>";
		};
		C75D789128637FF700DEDD87 /* CameraPhoto_Rxswift */ = {
			isa = PBXGroup;
			children = (
				C75D789228637FF700DEDD87 /* AppDelegate.swift */,
				C75D789428637FF700DEDD87 /* SceneDelegate.swift */,
				C75D789628637FF700DEDD87 /* ViewController.swift */,
				C75D789828637FF700DEDD87 /* Main.storyboard */,
				C75D789B28637FF800DEDD87 /* Assets.xcassets */,
				C75D789D28637FF800DEDD87 /* LaunchScreen.storyboard */,
				C75D78A028637FF800DEDD87 /* Info.plist */,
				C75D78A62863811600DEDD87 /* PhotosCollectionViewController.swift */,
				C75D78A8286443D000DEDD87 /* PhotoCollectionViewCell.swift */,
				C75D78AA286623DD00DEDD87 /* FilterService.swift */,
			);
			path = CameraPhoto_Rxswift;
			sourceTree = "<group>";
		};
		D9A03B73257C26FE9C3D8EB7 /* Frameworks */ = {
			isa = PBXGroup;
			children = (
				B329433FB70FD3CCBEB66E8C /* Pods_CameraPhoto_Rxswift.framework */,
			);
			name = Frameworks;
			sourceTree = "<group>";
		};
/* End PBXGroup section */

/* Begin PBXNativeTarget section */
		C75D788E28637FF700DEDD87 /* CameraPhoto_Rxswift */ = {
			isa = PBXNativeTarget;
			buildConfigurationList = C75D78A328637FF800DEDD87 /* Build configuration list for PBXNativeTarget "CameraPhoto_Rxswift" */;
			buildPhases = (
				77B2EAAA36C11B373E5E0C51 /* [CP] Check Pods Manifest.lock */,
				C75D788B28637FF700DEDD87 /* Sources */,
				C75D788C28637FF700DEDD87 /* Frameworks */,
				C75D788D28637FF700DEDD87 /* Resources */,
				F51AF78A411F7E4581BB4108 /* [CP] Embed Pods Frameworks */,
			);
			buildRules = (
			);
			dependencies = (
			);
			name = CameraPhoto_Rxswift;
			productName = CameraPhoto_Rxswift;
			productReference = C75D788F28637FF700DEDD87 /* CameraPhoto_Rxswift.app */;
			productType = "com.apple.product-type.application";
		};
/* End PBXNativeTarget section */

/* Begin PBXProject section */
		C75D788728637FF700DEDD87 /* Project object */ = {
			isa = PBXProject;
			attributes = {
				BuildIndependentTargetsInParallel = 1;
				LastSwiftUpdateCheck = 1320;
				LastUpgradeCheck = 1320;
				TargetAttributes = {
					C75D788E28637FF700DEDD87 = {
						CreatedOnToolsVersion = 13.2.1;
					};
				};
			};
			buildConfigurationList = C75D788A28637FF700DEDD87 /* Build configuration list for PBXProject "CameraPhoto_Rxswift" */;
			compatibilityVersion = "Xcode 13.0";
			developmentRegion = en;
			hasScannedForEncodings = 0;
			knownRegions = (
				en,
				Base,
			);
			mainGroup = C75D788628637FF700DEDD87;
			productRefGroup = C75D789028637FF700DEDD87 /* Products */;
			projectDirPath = "";
			projectRoot = "";
			targets = (
				C75D788E28637FF700DEDD87 /* CameraPhoto_Rxswift */,
			);
		};
/* End PBXProject section */

/* Begin PBXResourcesBuildPhase section */
		C75D788D28637FF700DEDD87 /* Resources */ = {
			isa = PBXResourcesBuildPhase;
			buildActionMask = 2147483647;
			files = (
				C75D789F28637FF800DEDD87 /* LaunchScreen.storyboard in Resources */,
				C75D789C28637FF800DEDD87 /* Assets.xcassets in Resources */,
				C75D789A28637FF700DEDD87 /* Main.storyboard in Resources */,
			);
			runOnlyForDeploymentPostprocessing = 0;
		};
/* End PBXResourcesBuildPhase section */

/* Begin PBXShellScriptBuildPhase section */
		77B2EAAA36C11B373E5E0C51 /* [CP] Check Pods Manifest.lock */ = {
			isa = PBXShellScriptBuildPhase;
			buildActionMask = 2147483647;
			files = (
			);
			inputFileListPaths = (
			);
			inputPaths = (
				"${PODS_PODFILE_DIR_PATH}/Podfile.lock",
				"${PODS_ROOT}/Manifest.lock",
			);
			name = "[CP] Check Pods Manifest.lock";
			outputFileListPaths = (
			);
			outputPaths = (
				"$(DERIVED_FILE_DIR)/Pods-CameraPhoto_Rxswift-checkManifestLockResult.txt",
			);
			runOnlyForDeploymentPostprocessing = 0;
			shellPath = /bin/sh;
			shellScript = "diff \"${PODS_PODFILE_DIR_PATH}/Podfile.lock\" \"${PODS_ROOT}/Manifest.lock\" > /dev/null\nif [ $? != 0 ] ; then\n    # print error to STDERR\n    echo \"error: The sandbox is not in sync with the Podfile.lock. Run 'pod install' or update your CocoaPods installation.\" >&2\n    exit 1\nfi\n# This output is used by Xcode 'outputs' to avoid re-running this script phase.\necho \"SUCCESS\" > \"${SCRIPT_OUTPUT_FILE_0}\"\n";
			showEnvVarsInLog = 0;
		};
		F51AF78A411F7E4581BB4108 /* [CP] Embed Pods Frameworks */ = {
			isa = PBXShellScriptBuildPhase;
			buildActionMask = 2147483647;
			files = (
			);
			inputFileListPaths = (
				"${PODS_ROOT}/Target Support Files/Pods-CameraPhoto_Rxswift/Pods-CameraPhoto_Rxswift-frameworks-${CONFIGURATION}-input-files.xcfilelist",
			);
			name = "[CP] Embed Pods Frameworks";
			outputFileListPaths = (
				"${PODS_ROOT}/Target Support Files/Pods-CameraPhoto_Rxswift/Pods-CameraPhoto_Rxswift-frameworks-${CONFIGURATION}-output-files.xcfilelist",
			);
			runOnlyForDeploymentPostprocessing = 0;
			shellPath = /bin/sh;
			shellScript = "\"${PODS_ROOT}/Target Support Files/Pods-CameraPhoto_Rxswift/Pods-CameraPhoto_Rxswift-frameworks.sh\"\n";
			showEnvVarsInLog = 0;
		};
/* End PBXShellScriptBuildPhase section */

/* Begin PBXSourcesBuildPhase section */
		C75D788B28637FF700DEDD87 /* Sources */ = {
			isa = PBXSourcesBuildPhase;
			buildActionMask = 2147483647;
			files = (
				C75D789728637FF700DEDD87 /* ViewController.swift in Sources */,
				C75D78A9286443D000DEDD87 /* PhotoCollectionViewCell.swift in Sources */,
				C75D789328637FF700DEDD87 /* AppDelegate.swift in Sources */,
				C75D78AB286623DD00DEDD87 /* FilterService.swift in Sources */,
				C75D789528637FF700DEDD87 /* SceneDelegate.swift in Sources */,
				C75D78A72863811600DEDD87 /* PhotosCollectionViewController.swift in Sources */,
			);
			runOnlyForDeploymentPostprocessing = 0;
		};
/* End PBXSourcesBuildPhase section */

/* Begin PBXVariantGroup section */
		C75D789828637FF700DEDD87 /* Main.storyboard */ = {
			isa = PBXVariantGroup;
			children = (
				C75D789928637FF700DEDD87 /* Base */,
			);
			name = Main.storyboard;
			sourceTree = "<group>";
		};
		C75D789D28637FF800DEDD87 /* LaunchScreen.storyboard */ = {
			isa = PBXVariantGroup;
			children = (
				C75D789E28637FF800DEDD87 /* Base */,
			);
			name = LaunchScreen.storyboard;
			sourceTree = "<group>";
		};
/* End PBXVariantGroup section */

/* Begin XCBuildConfiguration section */
		C75D78A128637FF800DEDD87 /* Debug */ = {
			isa = XCBuildConfiguration;
			buildSettings = {
				ALWAYS_SEARCH_USER_PATHS = NO;
				CLANG_ANALYZER_NONNULL = YES;
				CLANG_ANALYZER_NUMBER_OBJECT_CONVERSION = YES_AGGRESSIVE;
				CLANG_CXX_LANGUAGE_STANDARD = "gnu++17";
				CLANG_CXX_LIBRARY = "libc++";
				CLANG_ENABLE_MODULES = YES;
				CLANG_ENABLE_OBJC_ARC = YES;
				CLANG_ENABLE_OBJC_WEAK = YES;
				CLANG_WARN_BLOCK_CAPTURE_AUTORELEASING = YES;
				CLANG_WARN_BOOL_CONVERSION = YES;
				CLANG_WARN_COMMA = YES;
				CLANG_WARN_CONSTANT_CONVERSION = YES;
				CLANG_WARN_DEPRECATED_OBJC_IMPLEMENTATIONS = YES;
				CLANG_WARN_DIRECT_OBJC_ISA_USAGE = YES_ERROR;
				CLANG_WARN_DOCUMENTATION_COMMENTS = YES;
				CLANG_WARN_EMPTY_BODY = YES;
				CLANG_WARN_ENUM_CONVERSION = YES;
				CLANG_WARN_INFINITE_RECURSION = YES;
				CLANG_WARN_INT_CONVERSION = YES;
				CLANG_WARN_NON_LITERAL_NULL_CONVERSION = YES;
				CLANG_WARN_OBJC_IMPLICIT_RETAIN_SELF = YES;
				CLANG_WARN_OBJC_LITERAL_CONVERSION = YES;
				CLANG_WARN_OBJC_ROOT_CLASS = YES_ERROR;
				CLANG_WARN_QUOTED_INCLUDE_IN_FRAMEWORK_HEADER = YES;
				CLANG_WARN_RANGE_LOOP_ANALYSIS = YES;
				CLANG_WARN_STRICT_PROTOTYPES = YES;
				CLANG_WARN_SUSPICIOUS_MOVE = YES;
				CLANG_WARN_UNGUARDED_AVAILABILITY = YES_AGGRESSIVE;
				CLANG_WARN_UNREACHABLE_CODE = YES;
				CLANG_WARN__DUPLICATE_METHOD_MATCH = YES;
				COPY_PHASE_STRIP = NO;
				DEBUG_INFORMATION_FORMAT = dwarf;
				ENABLE_STRICT_OBJC_MSGSEND = YES;
				ENABLE_TESTABILITY = YES;
				GCC_C_LANGUAGE_STANDARD = gnu11;
				GCC_DYNAMIC_NO_PIC = NO;
				GCC_NO_COMMON_BLOCKS = YES;
				GCC_OPTIMIZATION_LEVEL = 0;
				GCC_PREPROCESSOR_DEFINITIONS = (
					"DEBUG=1",
					"$(inherited)",
				);
				GCC_WARN_64_TO_32_BIT_CONVERSION = YES;
				GCC_WARN_ABOUT_RETURN_TYPE = YES_ERROR;
				GCC_WARN_UNDECLARED_SELECTOR = YES;
				GCC_WARN_UNINITIALIZED_AUTOS = YES_AGGRESSIVE;
				GCC_WARN_UNUSED_FUNCTION = YES;
				GCC_WARN_UNUSED_VARIABLE = YES;
				IPHONEOS_DEPLOYMENT_TARGET = 15.2;
				MTL_ENABLE_DEBUG_INFO = INCLUDE_SOURCE;
				MTL_FAST_MATH = YES;
				ONLY_ACTIVE_ARCH = YES;
				SDKROOT = iphoneos;
				SWIFT_ACTIVE_COMPILATION_CONDITIONS = DEBUG;
				SWIFT_OPTIMIZATION_LEVEL = "-Onone";
			};
			name = Debug;
		};
		C75D78A228637FF800DEDD87 /* Release */ = {
			isa = XCBuildConfiguration;
			buildSettings = {
				ALWAYS_SEARCH_USER_PATHS = NO;
				CLANG_ANALYZER_NONNULL = YES;
				CLANG_ANALYZER_NUMBER_OBJECT_CONVERSION = YES_AGGRESSIVE;
				CLANG_CXX_LANGUAGE_STANDARD = "gnu++17";
				CLANG_CXX_LIBRARY = "libc++";
				CLANG_ENABLE_MODULES = YES;
				CLANG_ENABLE_OBJC_ARC = YES;
				CLANG_ENABLE_OBJC_WEAK = YES;
				CLANG_WARN_BLOCK_CAPTURE_AUTORELEASING = YES;
				CLANG_WARN_BOOL_CONVERSION = YES;
				CLANG_WARN_COMMA = YES;
				CLANG_WARN_CONSTANT_CONVERSION = YES;
				CLANG_WARN_DEPRECATED_OBJC_IMPLEMENTATIONS = YES;
				CLANG_WARN_DIRECT_OBJC_ISA_USAGE = YES_ERROR;
				CLANG_WARN_DOCUMENTATION_COMMENTS = YES;
				CLANG_WARN_EMPTY_BODY = YES;
				CLANG_WARN_ENUM_CONVERSION = YES;
				CLANG_WARN_INFINITE_RECURSION = YES;
				CLANG_WARN_INT_CONVERSION = YES;
				CLANG_WARN_NON_LITERAL_NULL_CONVERSION = YES;
				CLANG_WARN_OBJC_IMPLICIT_RETAIN_SELF = YES;
				CLANG_WARN_OBJC_LITERAL_CONVERSION = YES;
				CLANG_WARN_OBJC_ROOT_CLASS = YES_ERROR;
				CLANG_WARN_QUOTED_INCLUDE_IN_FRAMEWORK_HEADER = YES;
				CLANG_WARN_RANGE_LOOP_ANALYSIS = YES;
				CLANG_WARN_STRICT_PROTOTYPES = YES;
				CLANG_WARN_SUSPICIOUS_MOVE = YES;
				CLANG_WARN_UNGUARDED_AVAILABILITY = YES_AGGRESSIVE;
				CLANG_WARN_UNREACHABLE_CODE = YES;
				CLANG_WARN__DUPLICATE_METHOD_MATCH = YES;
				COPY_PHASE_STRIP = NO;
				DEBUG_INFORMATION_FORMAT = "dwarf-with-dsym";
				ENABLE_NS_ASSERTIONS = NO;
				ENABLE_STRICT_OBJC_MSGSEND = YES;
				GCC_C_LANGUAGE_STANDARD = gnu11;
				GCC_NO_COMMON_BLOCKS = YES;
				GCC_WARN_64_TO_32_BIT_CONVERSION = YES;
				GCC_WARN_ABOUT_RETURN_TYPE = YES_ERROR;
				GCC_WARN_UNDECLARED_SELECTOR = YES;
				GCC_WARN_UNINITIALIZED_AUTOS = YES_AGGRESSIVE;
				GCC_WARN_UNUSED_FUNCTION = YES;
				GCC_WARN_UNUSED_VARIABLE = YES;
				IPHONEOS_DEPLOYMENT_TARGET = 15.2;
				MTL_ENABLE_DEBUG_INFO = NO;
				MTL_FAST_MATH = YES;
				SDKROOT = iphoneos;
				SWIFT_COMPILATION_MODE = wholemodule;
				SWIFT_OPTIMIZATION_LEVEL = "-O";
				VALIDATE_PRODUCT = YES;
			};
			name = Release;
		};
		C75D78A428637FF800DEDD87 /* Debug */ = {
			isa = XCBuildConfiguration;
			baseConfigurationReference = 61A0877DB961030DDFA3497E /* Pods-CameraPhoto_Rxswift.debug.xcconfig */;
			buildSettings = {
				ASSETCATALOG_COMPILER_APPICON_NAME = AppIcon;
				ASSETCATALOG_COMPILER_GLOBAL_ACCENT_COLOR_NAME = AccentColor;
				CODE_SIGN_STYLE = Automatic;
				CURRENT_PROJECT_VERSION = 1;
				DEVELOPMENT_TEAM = SBAHW5F54N;
				GENERATE_INFOPLIST_FILE = YES;
				INFOPLIST_FILE = CameraPhoto_Rxswift/Info.plist;
				INFOPLIST_KEY_UIApplicationSupportsIndirectInputEvents = YES;
				INFOPLIST_KEY_UILaunchStoryboardName = LaunchScreen;
				INFOPLIST_KEY_UIMainStoryboardFile = Main;
				INFOPLIST_KEY_UISupportedInterfaceOrientations_iPad = "UIInterfaceOrientationPortrait UIInterfaceOrientationPortraitUpsideDown UIInterfaceOrientationLandscapeLeft UIInterfaceOrientationLandscapeRight";
				INFOPLIST_KEY_UISupportedInterfaceOrientations_iPhone = "UIInterfaceOrientationPortrait UIInterfaceOrientationLandscapeLeft UIInterfaceOrientationLandscapeRight";
				LD_RUNPATH_SEARCH_PATHS = (
					"$(inherited)",
					"@executable_path/Frameworks",
				);
				MARKETING_VERSION = 1.0;
				PRODUCT_BUNDLE_IDENTIFIER = "com.kimjunhwan.CameraPhoto-Rxswift";
				PRODUCT_NAME = "$(TARGET_NAME)";
				SWIFT_EMIT_LOC_STRINGS = YES;
				SWIFT_VERSION = 5.0;
				TARGETED_DEVICE_FAMILY = "1,2";
			};
			name = Debug;
		};
		C75D78A528637FF800DEDD87 /* Release */ = {
			isa = XCBuildConfiguration;
			baseConfigurationReference = 79DD06434F3F0ECB99D3C1BB /* Pods-CameraPhoto_Rxswift.release.xcconfig */;
			buildSettings = {
				ASSETCATALOG_COMPILER_APPICON_NAME = AppIcon;
				ASSETCATALOG_COMPILER_GLOBAL_ACCENT_COLOR_NAME = AccentColor;
				CODE_SIGN_STYLE = Automatic;
				CURRENT_PROJECT_VERSION = 1;
				DEVELOPMENT_TEAM = SBAHW5F54N;
				GENERATE_INFOPLIST_FILE = YES;
				INFOPLIST_FILE = CameraPhoto_Rxswift/Info.plist;
				INFOPLIST_KEY_UIApplicationSupportsIndirectInputEvents = YES;
				INFOPLIST_KEY_UILaunchStoryboardName = LaunchScreen;
				INFOPLIST_KEY_UIMainStoryboardFile = Main;
				INFOPLIST_KEY_UISupportedInterfaceOrientations_iPad = "UIInterfaceOrientationPortrait UIInterfaceOrientationPortraitUpsideDown UIInterfaceOrientationLandscapeLeft UIInterfaceOrientationLandscapeRight";
				INFOPLIST_KEY_UISupportedInterfaceOrientations_iPhone = "UIInterfaceOrientationPortrait UIInterfaceOrientationLandscapeLeft UIInterfaceOrientationLandscapeRight";
				LD_RUNPATH_SEARCH_PATHS = (
					"$(inherited)",
					"@executable_path/Frameworks",
				);
				MARKETING_VERSION = 1.0;
				PRODUCT_BUNDLE_IDENTIFIER = "com.kimjunhwan.CameraPhoto-Rxswift";
				PRODUCT_NAME = "$(TARGET_NAME)";
				SWIFT_EMIT_LOC_STRINGS = YES;
				SWIFT_VERSION = 5.0;
				TARGETED_DEVICE_FAMILY = "1,2";
			};
			name = Release;
		};
/* End XCBuildConfiguration section */

/* Begin XCConfigurationList section */
		C75D788A28637FF700DEDD87 /* Build configuration list for PBXProject "CameraPhoto_Rxswift" */ = {
			isa = XCConfigurationList;
			buildConfigurations = (
				C75D78A128637FF800DEDD87 /* Debug */,
				C75D78A228637FF800DEDD87 /* Release */,
			);
			defaultConfigurationIsVisible = 0;
			defaultConfigurationName = Release;
		};
		C75D78A328637FF800DEDD87 /* Build configuration list for PBXNativeTarget "CameraPhoto_Rxswift" */ = {
			isa = XCConfigurationList;
			buildConfigurations = (
				C75D78A428637FF800DEDD87 /* Debug */,
				C75D78A528637FF800DEDD87 /* Release */,
			);
			defaultConfigurationIsVisible = 0;
			defaultConfigurationName = Release;
		};
/* End XCConfigurationList section */
	};
	rootObject = C75D788728637FF700DEDD87 /* Project object */;
}
